<?xml version="1.0" encoding="utf-8"?>
<Project ToolsVersion="4.0" xmlns="http://schemas.microsoft.com/developer/msbuild/2003">
  <ItemGroup>
    <Filter Include="Source Files">
      <UniqueIdentifier>{4FC737F1-C7A5-4376-A066-2A32D752A2FF}</UniqueIdentifier>
      <Extensions>cpp;c;cc;cxx;def;odl;idl;hpj;bat;asm;asmx</Extensions>
    </Filter>
    <Filter Include="Header Files">
      <UniqueIdentifier>{93995380-89BD-4b04-88EB-625FBE52EBFB}</UniqueIdentifier>
      <Extensions>h;hh;hpp;hxx;hm;inl;inc;xsd</Extensions>
    </Filter>
    <Filter Include="Resource Files">
      <UniqueIdentifier>{67DA6AB6-F800-4c08-8B7A-83BB121AAD01}</UniqueIdentifier>
      <Extensions>rc;ico;cur;bmp;dlg;rc2;rct;bin;rgs;gif;jpg;jpeg;jpe;resx;tiff;tif;png;wav;mfcribbon-ms</Extensions>
    </Filter>
  </ItemGroup>
  <ItemGroup>
    <ClInclude Include="stdafx.h">
      <Filter>Header Files</Filter>
    </ClInclude>
    <ClInclude Include="targetver.h">
      <Filter>Header Files</Filter>
    </ClInclude>
    <ClInclude Include="..\_private\deviceManager.h">
      <Filter>Header Files</Filter>
    </ClInclude>
    <ClInclude Include="..\_private\oclDataIO.h">
      <Filter>Header Files</Filter>
    </ClInclude>
    <ClInclude Include="..\_private\oclDEBUG.h">
      <Filter>Header Files</Filter>
    </ClInclude>
    <ClInclude Include="..\_private\oclDefines.h">
      <Filter>Header Files</Filter>
    </ClInclude>
    <ClInclude Include="..\_private\oclDevice.h">
      <Filter>Header Files</Filter>
    </ClInclude>
    <ClInclude Include="..\_private\oclExecutionManager.h">
      <Filter>Header Files</Filter>
    </ClInclude>
    <ClInclude Include="..\_private\oclExecutionNode.h">
      <Filter>Header Files</Filter>
    </ClInclude>
    <ClInclude Include="..\_private\oclKernelIO.h">
      <Filter>Header Files</Filter>
    </ClInclude>
    <ClInclude Include="..\_private\oclManager.h">
      <Filter>Header Files</Filter>
    </ClInclude>
    <ClInclude Include="..\_private\oclProgram.h">
      <Filter>Header Files</Filter>
    </ClInclude>
    <ClInclude Include="..\_private\oclResourceManager.h">
      <Filter>Header Files</Filter>
    </ClInclude>
    <ClInclude Include="..\_private\oclResources.h">
      <Filter>Header Files</Filter>
    </ClInclude>
    <ClInclude Include="..\_private\vk_resource_alloc.h">
      <Filter>Header Files</Filter>
    </ClInclude>
    <ClInclude Include="..\_private\vkCmdBufferManager.h">
      <Filter>Header Files</Filter>
    </ClInclude>
    <ClInclude Include="..\_private\vkDEBUG.h">
      <Filter>Header Files</Filter>
    </ClInclude>
    <ClInclude Include="..\_private\vkDefines.h">
      <Filter>Header Files</Filter>
    </ClInclude>
    <ClInclude Include="..\_private\vkDevice.h">
      <Filter>Header Files</Filter>
    </ClInclude>
    <ClInclude Include="..\_private\vkDrawDescription.h">
      <Filter>Header Files</Filter>
    </ClInclude>
    <ClInclude Include="..\_private\vkManager.h">
      <Filter>Header Files</Filter>
    </ClInclude>
    <ClInclude Include="..\_private\vkRenderManager.h">
      <Filter>Header Files</Filter>
    </ClInclude>
    <ClInclude Include="..\_private\vkRenderPass.h">
      <Filter>Header Files</Filter>
    </ClInclude>
    <ClInclude Include="..\_private\vkResourceManager.h">
      <Filter>Header Files</Filter>
    </ClInclude>
    <ClInclude Include="..\_private\vkResources.h">
      <Filter>Header Files</Filter>
    </ClInclude>
    <ClInclude Include="..\_private\vkStageIO.h">
      <Filter>Header Files</Filter>
    </ClInclude>
    <ClInclude Include="..\computeManager.h">
      <Filter>Header Files</Filter>
    </ClInclude>
    <ClInclude Include="..\graphicsManager.h">
      <Filter>Header Files</Filter>
    </ClInclude>
    <ClInclude Include="..\IcomputeAppManager.h">
      <Filter>Header Files</Filter>
    </ClInclude>
    <ClInclude Include="..\Idevice.h">
      <Filter>Header Files</Filter>
    </ClInclude>
    <ClInclude Include="..\IgraphicsAppManager.h">
      <Filter>Header Files</Filter>
    </ClInclude>
  </ItemGroup>
  <ItemGroup>
    <ClCompile Include="dllmain.cpp">
      <Filter>Source Files</Filter>
    </ClCompile>
    <ClCompile Include="..\_private\computeManager.cpp">
      <Filter>Source Files</Filter>
    </ClCompile>
    <ClCompile Include="..\_private\deviceManager.cpp">
      <Filter>Source Files</Filter>
    </ClCompile>
    <ClCompile Include="..\_private\graphicsManager.cpp">
      <Filter>Source Files</Filter>
    </ClCompile>
    <ClCompile Include="..\_private\oclDataIO.cpp">
      <Filter>Source Files</Filter>
    </ClCompile>
    <ClCompile Include="..\_private\oclDevice.cpp">
      <Filter>Source Files</Filter>
    </ClCompile>
    <ClCompile Include="..\_private\oclExecutionManager.cpp">
      <Filter>Source Files</Filter>
    </ClCompile>
    <ClCompile Include="..\_private\oclKernelIO.cpp">
      <Filter>Source Files</Filter>
    </ClCompile>
    <ClCompile Include="..\_private\oclManager.cpp">
      <Filter>Source Files</Filter>
    </ClCompile>
    <ClCompile Include="..\_private\oclProgram.cpp">
      <Filter>Source Files</Filter>
    </ClCompile>
    <ClCompile Include="..\_private\oclResourceManager.cpp">
      <Filter>Source Files</Filter>
    </ClCompile>
    <ClCompile Include="..\_private\vkAllocatorImpl.cpp">
      <Filter>Source Files</Filter>
    </ClCompile>
    <ClCompile Include="..\_private\vkCmdBufferManager.cpp">
      <Filter>Source Files</Filter>
    </ClCompile>
    <ClCompile Include="..\_private\vkDrawDescription.cpp">
      <Filter>Source Files</Filter>
    </ClCompile>
    <ClCompile Include="..\_private\vkManager.cpp">
      <Filter>Source Files</Filter>
    </ClCompile>
    <ClCompile Include="..\_private\vkRenderManager.cpp">
      <Filter>Source Files</Filter>
    </ClCompile>
    <ClCompile Include="..\_private\vkRenderPass.cpp">
      <Filter>Source Files</Filter>
    </ClCompile>
    <ClCompile Include="..\_private\vkResourceManager.cpp">
      <Filter>Source Files</Filter>
    </ClCompile>
    <ClCompile Include="..\_private\vkStageIO.cpp">
      <Filter>Source Files</Filter>
    </ClCompile>
    <ClCompile Include="..\_private\vkUtils.cpp">
      <Filter>Source Files</Filter>
    </ClCompile>
  </ItemGroup>
</Project>